
Microsoft Visual Studio Solution File, Format Version 12.00
# Visual Studio Version 17
VisualStudioVersion = 17.7.34009.444
MinimumVisualStudioVersion = 10.0.40219.1
Project("{2150E333-8FDC-42A3-9474-1A3956D46DE8}") = "Services", "Services", "{CD5C36EF-3180-463B-B168-4ED4D69B967D}"
EndProject
Project("{2150E333-8FDC-42A3-9474-1A3956D46DE8}") = "Catalog", "Catalog", "{EE1AAD9B-6CE3-4969-B523-DCCB40DED907}"
EndProject
Project("{9A19103F-16F7-4668-BE54-9A1E7A4F7556}") = "MultiShop.Catalog", "Services\Catalog\MultiShop.Catalog\MultiShop.Catalog.csproj", "{37EC6082-560A-42EB-A5EA-74F9D6D7ABE9}"
EndProject
Project("{2150E333-8FDC-42A3-9474-1A3956D46DE8}") = "Discount", "Discount", "{BF0EBE39-4AED-440E-BBAD-1119019B2B4E}"
EndProject
Project("{9A19103F-16F7-4668-BE54-9A1E7A4F7556}") = "Multishop.Discount", "Services\Discount\Multishop.Discount\Multishop.Discount.csproj", "{494E6711-910F-47A7-93B1-B9C1E3ABFBCB}"
EndProject
Project("{2150E333-8FDC-42A3-9474-1A3956D46DE8}") = "Order", "Order", "{9CE4B7CB-7CA6-4A72-A4CB-516A713B843D}"
EndProject
Project("{2150E333-8FDC-42A3-9474-1A3956D46DE8}") = "Core", "Core", "{F3265672-11C1-41F9-917A-9DABC2B774E0}"
EndProject
Project("{2150E333-8FDC-42A3-9474-1A3956D46DE8}") = "Infrastructure", "Infrastructure", "{96E81D34-6CFE-4386-BDF7-E0E549D3F426}"
EndProject
Project("{2150E333-8FDC-42A3-9474-1A3956D46DE8}") = "Presentation", "Presentation", "{CDFFC7D4-A83A-4308-8C73-C04D059F8231}"
EndProject
Project("{9A19103F-16F7-4668-BE54-9A1E7A4F7556}") = "MultiShop.Order.Domain", "Services\Order\Core\MultiShop.Order.Domain\MultiShop.Order.Domain.csproj", "{C832021F-7250-43E4-AA25-479E2646EB6D}"
EndProject
Project("{9A19103F-16F7-4668-BE54-9A1E7A4F7556}") = "MultiShop.Order.Application", "Services\Order\Core\MultiShop.Order.Application\MultiShop.Order.Application.csproj", "{2D5965CE-848B-4024-B0D5-865B31C56BFC}"
EndProject
Project("{9A19103F-16F7-4668-BE54-9A1E7A4F7556}") = "MultiShop.Order.Persistance", "Services\Order\Infrastructure\MultiShop.Order.Persistance\MultiShop.Order.Persistance.csproj", "{7511D250-9427-4AB5-B036-E8C1DC0CA6CF}"
EndProject
Project("{9A19103F-16F7-4668-BE54-9A1E7A4F7556}") = "MultiShop.Order.WebApi", "Services\Order\Presentation\MultiShop.Order.WebApi\MultiShop.Order.WebApi.csproj", "{6505708E-44C6-4689-9692-28FCB1348353}"
EndProject
Project("{2150E333-8FDC-42A3-9474-1A3956D46DE8}") = "IdentityServer", "IdentityServer", "{EFB7E872-132D-435C-B8D3-553CC9FAC3EF}"
EndProject
Project("{9A19103F-16F7-4668-BE54-9A1E7A4F7556}") = "MultiShop.IdentityServer", "IdentityServer\MultiShop.IdentityServer\MultiShop.IdentityServer.csproj", "{B48AA14E-A866-48FF-A4EE-4A4CED63E8E7}"
EndProject
Project("{2150E333-8FDC-42A3-9474-1A3956D46DE8}") = "Solution Items", "Solution Items", "{5A1547DD-0FAF-42D1-965F-2536DDE0665E}"
	ProjectSection(SolutionItems) = preProject
		TextFile1.txt = TextFile1.txt
	EndProjectSection
EndProject
Project("{2150E333-8FDC-42A3-9474-1A3956D46DE8}") = "Cargo", "Cargo", "{66CBB806-CDF2-4193-947D-080B571F2867}"
EndProject
Project("{9A19103F-16F7-4668-BE54-9A1E7A4F7556}") = "MultiShop.Cargo.EntityLayer", "Services\Cargo\MultiShop.Cargo.EntityLayer\MultiShop.Cargo.EntityLayer.csproj", "{D3BDE156-F8C0-43EB-AA0A-47A136E9F5DD}"
EndProject
Project("{9A19103F-16F7-4668-BE54-9A1E7A4F7556}") = "MultiShop.Cargo.BusinessLayer", "Services\Cargo\MultiShop.Cargo.BusinessLayer\MultiShop.Cargo.BusinessLayer.csproj", "{D96EBDD5-A93E-48C2-95A1-C4FA5FC3E0CF}"
EndProject
Project("{9A19103F-16F7-4668-BE54-9A1E7A4F7556}") = "MultiShop.Cargo.DataAccessLayer", "MultiShop.Cargo.DataAccessLayer\MultiShop.Cargo.DataAccessLayer.csproj", "{4BA22C34-56C9-4B9E-BF59-198994095C03}"
EndProject
Project("{9A19103F-16F7-4668-BE54-9A1E7A4F7556}") = "MultiShop.Cargo.DtoLayer", "Services\Cargo\MultiShop.Cargo.DtoLayer\MultiShop.Cargo.DtoLayer.csproj", "{1952630A-919C-4C3B-980B-1F3AE59E627B}"
EndProject
Project("{9A19103F-16F7-4668-BE54-9A1E7A4F7556}") = "MultiShop.Cargo.WebApi", "Services\Cargo\MultiShop.Cargo.WebApi\MultiShop.Cargo.WebApi.csproj", "{04BA2324-C9A8-41D3-8367-4DDE81940AF3}"
EndProject
Project("{2150E333-8FDC-42A3-9474-1A3956D46DE8}") = "Basket", "Basket", "{3BE89640-D95E-49D4-916C-2D4306B07C9C}"
EndProject
Project("{FAE04EC0-301F-11D3-BF4B-00C04F79EFBC}") = "MultiShop.Basket", "Services\Basket\MultiShop.Basket\MultiShop.Basket.csproj", "{708CFD61-E94C-44CD-B054-886F78C08922}"
EndProject
Global
	GlobalSection(SolutionConfigurationPlatforms) = preSolution
		Debug|Any CPU = Debug|Any CPU
		Release|Any CPU = Release|Any CPU
	EndGlobalSection
	GlobalSection(ProjectConfigurationPlatforms) = postSolution
		{37EC6082-560A-42EB-A5EA-74F9D6D7ABE9}.Debug|Any CPU.ActiveCfg = Debug|Any CPU
		{37EC6082-560A-42EB-A5EA-74F9D6D7ABE9}.Debug|Any CPU.Build.0 = Debug|Any CPU
		{37EC6082-560A-42EB-A5EA-74F9D6D7ABE9}.Release|Any CPU.ActiveCfg = Release|Any CPU
		{37EC6082-560A-42EB-A5EA-74F9D6D7ABE9}.Release|Any CPU.Build.0 = Release|Any CPU
		{494E6711-910F-47A7-93B1-B9C1E3ABFBCB}.Debug|Any CPU.ActiveCfg = Debug|Any CPU
		{494E6711-910F-47A7-93B1-B9C1E3ABFBCB}.Debug|Any CPU.Build.0 = Debug|Any CPU
		{494E6711-910F-47A7-93B1-B9C1E3ABFBCB}.Release|Any CPU.ActiveCfg = Release|Any CPU
		{494E6711-910F-47A7-93B1-B9C1E3ABFBCB}.Release|Any CPU.Build.0 = Release|Any CPU
		{C832021F-7250-43E4-AA25-479E2646EB6D}.Debug|Any CPU.ActiveCfg = Debug|Any CPU
		{C832021F-7250-43E4-AA25-479E2646EB6D}.Debug|Any CPU.Build.0 = Debug|Any CPU
		{C832021F-7250-43E4-AA25-479E2646EB6D}.Release|Any CPU.ActiveCfg = Release|Any CPU
		{C832021F-7250-43E4-AA25-479E2646EB6D}.Release|Any CPU.Build.0 = Release|Any CPU
		{2D5965CE-848B-4024-B0D5-865B31C56BFC}.Debug|Any CPU.ActiveCfg = Debug|Any CPU
		{2D5965CE-848B-4024-B0D5-865B31C56BFC}.Debug|Any CPU.Build.0 = Debug|Any CPU
		{2D5965CE-848B-4024-B0D5-865B31C56BFC}.Release|Any CPU.ActiveCfg = Release|Any CPU
		{2D5965CE-848B-4024-B0D5-865B31C56BFC}.Release|Any CPU.Build.0 = Release|Any CPU
		{7511D250-9427-4AB5-B036-E8C1DC0CA6CF}.Debug|Any CPU.ActiveCfg = Debug|Any CPU
		{7511D250-9427-4AB5-B036-E8C1DC0CA6CF}.Debug|Any CPU.Build.0 = Debug|Any CPU
		{7511D250-9427-4AB5-B036-E8C1DC0CA6CF}.Release|Any CPU.ActiveCfg = Release|Any CPU
		{7511D250-9427-4AB5-B036-E8C1DC0CA6CF}.Release|Any CPU.Build.0 = Release|Any CPU
		{6505708E-44C6-4689-9692-28FCB1348353}.Debug|Any CPU.ActiveCfg = Debug|Any CPU
		{6505708E-44C6-4689-9692-28FCB1348353}.Debug|Any CPU.Build.0 = Debug|Any CPU
		{6505708E-44C6-4689-9692-28FCB1348353}.Release|Any CPU.ActiveCfg = Release|Any CPU
		{6505708E-44C6-4689-9692-28FCB1348353}.Release|Any CPU.Build.0 = Release|Any CPU
		{B48AA14E-A866-48FF-A4EE-4A4CED63E8E7}.Debug|Any CPU.ActiveCfg = Debug|Any CPU
		{B48AA14E-A866-48FF-A4EE-4A4CED63E8E7}.Debug|Any CPU.Build.0 = Debug|Any CPU
		{B48AA14E-A866-48FF-A4EE-4A4CED63E8E7}.Release|Any CPU.ActiveCfg = Release|Any CPU
		{B48AA14E-A866-48FF-A4EE-4A4CED63E8E7}.Release|Any CPU.Build.0 = Release|Any CPU
		{D3BDE156-F8C0-43EB-AA0A-47A136E9F5DD}.Debug|Any CPU.ActiveCfg = Debug|Any CPU
		{D3BDE156-F8C0-43EB-AA0A-47A136E9F5DD}.Debug|Any CPU.Build.0 = Debug|Any CPU
		{D3BDE156-F8C0-43EB-AA0A-47A136E9F5DD}.Release|Any CPU.ActiveCfg = Release|Any CPU
		{D3BDE156-F8C0-43EB-AA0A-47A136E9F5DD}.Release|Any CPU.Build.0 = Release|Any CPU
		{D96EBDD5-A93E-48C2-95A1-C4FA5FC3E0CF}.Debug|Any CPU.ActiveCfg = Debug|Any CPU
		{D96EBDD5-A93E-48C2-95A1-C4FA5FC3E0CF}.Debug|Any CPU.Build.0 = Debug|Any CPU
		{D96EBDD5-A93E-48C2-95A1-C4FA5FC3E0CF}.Release|Any CPU.ActiveCfg = Release|Any CPU
		{D96EBDD5-A93E-48C2-95A1-C4FA5FC3E0CF}.Release|Any CPU.Build.0 = Release|Any CPU
		{4BA22C34-56C9-4B9E-BF59-198994095C03}.Debug|Any CPU.ActiveCfg = Debug|Any CPU
		{4BA22C34-56C9-4B9E-BF59-198994095C03}.Debug|Any CPU.Build.0 = Debug|Any CPU
		{4BA22C34-56C9-4B9E-BF59-198994095C03}.Release|Any CPU.ActiveCfg = Release|Any CPU
		{4BA22C34-56C9-4B9E-BF59-198994095C03}.Release|Any CPU.Build.0 = Release|Any CPU
		{1952630A-919C-4C3B-980B-1F3AE59E627B}.Debug|Any CPU.ActiveCfg = Debug|Any CPU
		{1952630A-919C-4C3B-980B-1F3AE59E627B}.Debug|Any CPU.Build.0 = Debug|Any CPU
		{1952630A-919C-4C3B-980B-1F3AE59E627B}.Release|Any CPU.ActiveCfg = Release|Any CPU
		{1952630A-919C-4C3B-980B-1F3AE59E627B}.Release|Any CPU.Build.0 = Release|Any CPU
		{04BA2324-C9A8-41D3-8367-4DDE81940AF3}.Debug|Any CPU.ActiveCfg = Debug|Any CPU
		{04BA2324-C9A8-41D3-8367-4DDE81940AF3}.Debug|Any CPU.Build.0 = Debug|Any CPU
		{04BA2324-C9A8-41D3-8367-4DDE81940AF3}.Release|Any CPU.ActiveCfg = Release|Any CPU
		{04BA2324-C9A8-41D3-8367-4DDE81940AF3}.Release|Any CPU.Build.0 = Release|Any CPU
		{708CFD61-E94C-44CD-B054-886F78C08922}.Debug|Any CPU.ActiveCfg = Debug|Any CPU
		{708CFD61-E94C-44CD-B054-886F78C08922}.Debug|Any CPU.Build.0 = Debug|Any CPU
		{708CFD61-E94C-44CD-B054-886F78C08922}.Release|Any CPU.ActiveCfg = Release|Any CPU
		{708CFD61-E94C-44CD-B054-886F78C08922}.Release|Any CPU.Build.0 = Release|Any CPU
	EndGlobalSection
	GlobalSection(SolutionProperties) = preSolution
		HideSolutionNode = FALSE
	EndGlobalSection
	GlobalSection(NestedProjects) = preSolution
		{EE1AAD9B-6CE3-4969-B523-DCCB40DED907} = {CD5C36EF-3180-463B-B168-4ED4D69B967D}
		{37EC6082-560A-42EB-A5EA-74F9D6D7ABE9} = {EE1AAD9B-6CE3-4969-B523-DCCB40DED907}
		{BF0EBE39-4AED-440E-BBAD-1119019B2B4E} = {CD5C36EF-3180-463B-B168-4ED4D69B967D}
		{494E6711-910F-47A7-93B1-B9C1E3ABFBCB} = {BF0EBE39-4AED-440E-BBAD-1119019B2B4E}
		{9CE4B7CB-7CA6-4A72-A4CB-516A713B843D} = {CD5C36EF-3180-463B-B168-4ED4D69B967D}
		{F3265672-11C1-41F9-917A-9DABC2B774E0} = {9CE4B7CB-7CA6-4A72-A4CB-516A713B843D}
		{96E81D34-6CFE-4386-BDF7-E0E549D3F426} = {9CE4B7CB-7CA6-4A72-A4CB-516A713B843D}
		{CDFFC7D4-A83A-4308-8C73-C04D059F8231} = {9CE4B7CB-7CA6-4A72-A4CB-516A713B843D}
		{C832021F-7250-43E4-AA25-479E2646EB6D} = {F3265672-11C1-41F9-917A-9DABC2B774E0}
		{2D5965CE-848B-4024-B0D5-865B31C56BFC} = {F3265672-11C1-41F9-917A-9DABC2B774E0}
		{7511D250-9427-4AB5-B036-E8C1DC0CA6CF} = {96E81D34-6CFE-4386-BDF7-E0E549D3F426}
		{6505708E-44C6-4689-9692-28FCB1348353} = {CDFFC7D4-A83A-4308-8C73-C04D059F8231}
		{B48AA14E-A866-48FF-A4EE-4A4CED63E8E7} = {EFB7E872-132D-435C-B8D3-553CC9FAC3EF}
		{66CBB806-CDF2-4193-947D-080B571F2867} = {CD5C36EF-3180-463B-B168-4ED4D69B967D}
		{D3BDE156-F8C0-43EB-AA0A-47A136E9F5DD} = {66CBB806-CDF2-4193-947D-080B571F2867}
		{D96EBDD5-A93E-48C2-95A1-C4FA5FC3E0CF} = {66CBB806-CDF2-4193-947D-080B571F2867}
		{4BA22C34-56C9-4B9E-BF59-198994095C03} = {66CBB806-CDF2-4193-947D-080B571F2867}
		{1952630A-919C-4C3B-980B-1F3AE59E627B} = {66CBB806-CDF2-4193-947D-080B571F2867}
		{04BA2324-C9A8-41D3-8367-4DDE81940AF3} = {66CBB806-CDF2-4193-947D-080B571F2867}
		{3BE89640-D95E-49D4-916C-2D4306B07C9C} = {CD5C36EF-3180-463B-B168-4ED4D69B967D}
		{708CFD61-E94C-44CD-B054-886F78C08922} = {3BE89640-D95E-49D4-916C-2D4306B07C9C}
	EndGlobalSection
	GlobalSection(ExtensibilityGlobals) = postSolution
		SolutionGuid = {3D808B9A-4510-4A6B-97C7-AEAA24751EF0}
	EndGlobalSection
EndGlobal
